// !$*UTF8*$!
{
	archiveVersion = 1;
	classes = {
	};
	objectVersion = 55;
	objects = {

/* Begin PBXBuildFile section */
		4B43DDFD27CF722F0081CFEE /* ImageEditor.swift in Sources */ = {isa = PBXBuildFile; fileRef = 4B43DDFC27CF722F0081CFEE /* ImageEditor.swift */; };
		4B725D9427CF588B0010FE48 /* ManualCroppingButton.swift in Sources */ = {isa = PBXBuildFile; fileRef = 4B725D9327CF588B0010FE48 /* ManualCroppingButton.swift */; };
		4BA5B44F27CF79EC00B59ED6 /* ImageEditor+Coordinator.swift in Sources */ = {isa = PBXBuildFile; fileRef = 4BA5B44E27CF79EC00B59ED6 /* ImageEditor+Coordinator.swift */; };
		4BAC52BA27BFB888006571E8 /* CGRect+Extension.swift in Sources */ = {isa = PBXBuildFile; fileRef = 4BAC52B927BFB888006571E8 /* CGRect+Extension.swift */; };
		4BC139FF27CE36960092A301 /* DisplayMode.swift in Sources */ = {isa = PBXBuildFile; fileRef = 4BC139FE27CE36960092A301 /* DisplayMode.swift */; };
		4BD2053227B4E579002A95C7 /* PhotoRounderApp.swift in Sources */ = {isa = PBXBuildFile; fileRef = 4BD2053127B4E579002A95C7 /* PhotoRounderApp.swift */; };
		4BD2053627B4E57A002A95C7 /* Assets.xcassets in Resources */ = {isa = PBXBuildFile; fileRef = 4BD2053527B4E57A002A95C7 /* Assets.xcassets */; };
		4BD2053927B4E57A002A95C7 /* Preview Assets.xcassets in Resources */ = {isa = PBXBuildFile; fileRef = 4BD2053827B4E57A002A95C7 /* Preview Assets.xcassets */; };
		4BD2054327B4E57B002A95C7 /* PhotoRounderTests.swift in Sources */ = {isa = PBXBuildFile; fileRef = 4BD2054227B4E57B002A95C7 /* PhotoRounderTests.swift */; };
		4BD2054D27B4E57B002A95C7 /* PhotoRounderUITests.swift in Sources */ = {isa = PBXBuildFile; fileRef = 4BD2054C27B4E57B002A95C7 /* PhotoRounderUITests.swift */; };
		4BD2054F27B4E57B002A95C7 /* PhotoRounderUITestsLaunchTests.swift in Sources */ = {isa = PBXBuildFile; fileRef = 4BD2054E27B4E57B002A95C7 /* PhotoRounderUITestsLaunchTests.swift */; };
		4BD2055E27B4E5D4002A95C7 /* SelectPhotosView.swift in Sources */ = {isa = PBXBuildFile; fileRef = 4BD2055D27B4E5D4002A95C7 /* SelectPhotosView.swift */; };
		4BD2056027B4E950002A95C7 /* Labels.swift in Sources */ = {isa = PBXBuildFile; fileRef = 4BD2055F27B4E950002A95C7 /* Labels.swift */; };
		4BD2056227B4F6E3002A95C7 /* Colors.swift in Sources */ = {isa = PBXBuildFile; fileRef = 4BD2056127B4F6E3002A95C7 /* Colors.swift */; };
		4BD2056627B4FB8A002A95C7 /* ImagePickerView.swift in Sources */ = {isa = PBXBuildFile; fileRef = 4BD2056527B4FB8A002A95C7 /* ImagePickerView.swift */; };
		4BD2056927B501F0002A95C7 /* PhotosListView.swift in Sources */ = {isa = PBXBuildFile; fileRef = 4BD2056827B501F0002A95C7 /* PhotosListView.swift */; };
		4BD2056B27B50976002A95C7 /* Images.swift in Sources */ = {isa = PBXBuildFile; fileRef = 4BD2056A27B50976002A95C7 /* Images.swift */; };
		4BD2057327B54C84002A95C7 /* ViewModel.swift in Sources */ = {isa = PBXBuildFile; fileRef = 4BD2057227B54C84002A95C7 /* ViewModel.swift */; };
		4BD2057527B63F88002A95C7 /* Photo.swift in Sources */ = {isa = PBXBuildFile; fileRef = 4BD2057427B63F88002A95C7 /* Photo.swift */; };
		8ECBB22468C531DB774CB8C4 /* Pods_PhotoRounder.framework in Frameworks */ = {isa = PBXBuildFile; fileRef = F86FF593EB064774C27F53C0 /* Pods_PhotoRounder.framework */; };
		90426EE717441C5F493DF29E /* Pods_PhotoRounderTests.framework in Frameworks */ = {isa = PBXBuildFile; fileRef = 303B1D88F1F53474EA014D33 /* Pods_PhotoRounderTests.framework */; };
		CAC544673D1EFFD595BC7A7C /* Pods_PhotoRounder_PhotoRounderUITests.framework in Frameworks */ = {isa = PBXBuildFile; fileRef = A9337B20AF6A9F68D11E156B /* Pods_PhotoRounder_PhotoRounderUITests.framework */; };
		FA08DFEE27CCF5A600AB8784 /* UiImage+Extension.swift in Sources */ = {isa = PBXBuildFile; fileRef = FA08DFED27CCF5A600AB8784 /* UiImage+Extension.swift */; };
		FA4994FE27BCD60600D752E5 /* ImagePickerView+Coordinator.swift in Sources */ = {isa = PBXBuildFile; fileRef = FA4994FD27BCD60600D752E5 /* ImagePickerView+Coordinator.swift */; };
		FA9ED63027C8FF810028C475 /* CroppedPhotos.swift in Sources */ = {isa = PBXBuildFile; fileRef = FA9ED62F27C8FF810028C475 /* CroppedPhotos.swift */; };
		FAB8F70E27C3A6B900BE7C55 /* View+Extension.swift in Sources */ = {isa = PBXBuildFile; fileRef = FAB8F70D27C3A6B900BE7C55 /* View+Extension.swift */; };
		FAE6BB6F27C3F19500FBB285 /* PhotosSliderView.swift in Sources */ = {isa = PBXBuildFile; fileRef = FAE6BB6E27C3F19500FBB285 /* PhotosSliderView.swift */; };
/* End PBXBuildFile section */

/* Begin PBXContainerItemProxy section */
		4BD2053F27B4E57B002A95C7 /* PBXContainerItemProxy */ = {
			isa = PBXContainerItemProxy;
			containerPortal = 4BD2052627B4E579002A95C7 /* Project object */;
			proxyType = 1;
			remoteGlobalIDString = 4BD2052D27B4E579002A95C7;
			remoteInfo = PhotoRounder;
		};
		4BD2054927B4E57B002A95C7 /* PBXContainerItemProxy */ = {
			isa = PBXContainerItemProxy;
			containerPortal = 4BD2052627B4E579002A95C7 /* Project object */;
			proxyType = 1;
			remoteGlobalIDString = 4BD2052D27B4E579002A95C7;
			remoteInfo = PhotoRounder;
		};
/* End PBXContainerItemProxy section */

/* Begin PBXFileReference section */
		064F65E24D9C04FD18B91065 /* Pods-PhotoRounder-PhotoRounderUITests.release.xcconfig */ = {isa = PBXFileReference; includeInIndex = 1; lastKnownFileType = text.xcconfig; name = "Pods-PhotoRounder-PhotoRounderUITests.release.xcconfig"; path = "Target Support Files/Pods-PhotoRounder-PhotoRounderUITests/Pods-PhotoRounder-PhotoRounderUITests.release.xcconfig"; sourceTree = "<group>"; };
		13168FA4D6B579932892894A /* Pods-PhotoRounder.debug.xcconfig */ = {isa = PBXFileReference; includeInIndex = 1; lastKnownFileType = text.xcconfig; name = "Pods-PhotoRounder.debug.xcconfig"; path = "Target Support Files/Pods-PhotoRounder/Pods-PhotoRounder.debug.xcconfig"; sourceTree = "<group>"; };
		303B1D88F1F53474EA014D33 /* Pods_PhotoRounderTests.framework */ = {isa = PBXFileReference; explicitFileType = wrapper.framework; includeInIndex = 0; path = Pods_PhotoRounderTests.framework; sourceTree = BUILT_PRODUCTS_DIR; };
		44009A147E71BEE904CAC621 /* Pods-PhotoRounderTests.release.xcconfig */ = {isa = PBXFileReference; includeInIndex = 1; lastKnownFileType = text.xcconfig; name = "Pods-PhotoRounderTests.release.xcconfig"; path = "Target Support Files/Pods-PhotoRounderTests/Pods-PhotoRounderTests.release.xcconfig"; sourceTree = "<group>"; };
		478549C81476A73D74D66F43 /* Pods-PhotoRounderTests.debug.xcconfig */ = {isa = PBXFileReference; includeInIndex = 1; lastKnownFileType = text.xcconfig; name = "Pods-PhotoRounderTests.debug.xcconfig"; path = "Target Support Files/Pods-PhotoRounderTests/Pods-PhotoRounderTests.debug.xcconfig"; sourceTree = "<group>"; };
		4B43DDFC27CF722F0081CFEE /* ImageEditor.swift */ = {isa = PBXFileReference; lastKnownFileType = sourcecode.swift; path = ImageEditor.swift; sourceTree = "<group>"; };
		4B725D9327CF588B0010FE48 /* ManualCroppingButton.swift */ = {isa = PBXFileReference; lastKnownFileType = sourcecode.swift; path = ManualCroppingButton.swift; sourceTree = "<group>"; };
		4BA5B44E27CF79EC00B59ED6 /* ImageEditor+Coordinator.swift */ = {isa = PBXFileReference; lastKnownFileType = sourcecode.swift; path = "ImageEditor+Coordinator.swift"; sourceTree = "<group>"; };
		4BAC52B927BFB888006571E8 /* CGRect+Extension.swift */ = {isa = PBXFileReference; lastKnownFileType = sourcecode.swift; path = "CGRect+Extension.swift"; sourceTree = "<group>"; };
		4BC139FE27CE36960092A301 /* DisplayMode.swift */ = {isa = PBXFileReference; lastKnownFileType = sourcecode.swift; path = DisplayMode.swift; sourceTree = "<group>"; };
		4BD2052E27B4E579002A95C7 /* PhotoRounder.app */ = {isa = PBXFileReference; explicitFileType = wrapper.application; includeInIndex = 0; path = PhotoRounder.app; sourceTree = BUILT_PRODUCTS_DIR; };
		4BD2053127B4E579002A95C7 /* PhotoRounderApp.swift */ = {isa = PBXFileReference; lastKnownFileType = sourcecode.swift; path = PhotoRounderApp.swift; sourceTree = "<group>"; };
		4BD2053527B4E57A002A95C7 /* Assets.xcassets */ = {isa = PBXFileReference; lastKnownFileType = folder.assetcatalog; path = Assets.xcassets; sourceTree = "<group>"; };
		4BD2053827B4E57A002A95C7 /* Preview Assets.xcassets */ = {isa = PBXFileReference; lastKnownFileType = folder.assetcatalog; path = "Preview Assets.xcassets"; sourceTree = "<group>"; };
		4BD2053E27B4E57B002A95C7 /* PhotoRounderTests.xctest */ = {isa = PBXFileReference; explicitFileType = wrapper.cfbundle; includeInIndex = 0; path = PhotoRounderTests.xctest; sourceTree = BUILT_PRODUCTS_DIR; };
		4BD2054227B4E57B002A95C7 /* PhotoRounderTests.swift */ = {isa = PBXFileReference; lastKnownFileType = sourcecode.swift; path = PhotoRounderTests.swift; sourceTree = "<group>"; };
		4BD2054827B4E57B002A95C7 /* PhotoRounderUITests.xctest */ = {isa = PBXFileReference; explicitFileType = wrapper.cfbundle; includeInIndex = 0; path = PhotoRounderUITests.xctest; sourceTree = BUILT_PRODUCTS_DIR; };
		4BD2054C27B4E57B002A95C7 /* PhotoRounderUITests.swift */ = {isa = PBXFileReference; lastKnownFileType = sourcecode.swift; path = PhotoRounderUITests.swift; sourceTree = "<group>"; };
		4BD2054E27B4E57B002A95C7 /* PhotoRounderUITestsLaunchTests.swift */ = {isa = PBXFileReference; lastKnownFileType = sourcecode.swift; path = PhotoRounderUITestsLaunchTests.swift; sourceTree = "<group>"; };
		4BD2055D27B4E5D4002A95C7 /* SelectPhotosView.swift */ = {isa = PBXFileReference; lastKnownFileType = sourcecode.swift; path = SelectPhotosView.swift; sourceTree = "<group>"; };
		4BD2055F27B4E950002A95C7 /* Labels.swift */ = {isa = PBXFileReference; lastKnownFileType = sourcecode.swift; path = Labels.swift; sourceTree = "<group>"; };
		4BD2056127B4F6E3002A95C7 /* Colors.swift */ = {isa = PBXFileReference; lastKnownFileType = sourcecode.swift; path = Colors.swift; sourceTree = "<group>"; };
		4BD2056527B4FB8A002A95C7 /* ImagePickerView.swift */ = {isa = PBXFileReference; lastKnownFileType = sourcecode.swift; path = ImagePickerView.swift; sourceTree = "<group>"; };
		4BD2056827B501F0002A95C7 /* PhotosListView.swift */ = {isa = PBXFileReference; lastKnownFileType = sourcecode.swift; path = PhotosListView.swift; sourceTree = "<group>"; };
		4BD2056A27B50976002A95C7 /* Images.swift */ = {isa = PBXFileReference; lastKnownFileType = sourcecode.swift; path = Images.swift; sourceTree = "<group>"; };
		4BD2057227B54C84002A95C7 /* ViewModel.swift */ = {isa = PBXFileReference; lastKnownFileType = sourcecode.swift; path = ViewModel.swift; sourceTree = "<group>"; };
		4BD2057427B63F88002A95C7 /* Photo.swift */ = {isa = PBXFileReference; lastKnownFileType = sourcecode.swift; path = Photo.swift; sourceTree = "<group>"; };
		7100F76F725AB3137630BD42 /* Pods-PhotoRounder-PhotoRounderUITests.debug.xcconfig */ = {isa = PBXFileReference; includeInIndex = 1; lastKnownFileType = text.xcconfig; name = "Pods-PhotoRounder-PhotoRounderUITests.debug.xcconfig"; path = "Target Support Files/Pods-PhotoRounder-PhotoRounderUITests/Pods-PhotoRounder-PhotoRounderUITests.debug.xcconfig"; sourceTree = "<group>"; };
		A9337B20AF6A9F68D11E156B /* Pods_PhotoRounder_PhotoRounderUITests.framework */ = {isa = PBXFileReference; explicitFileType = wrapper.framework; includeInIndex = 0; path = Pods_PhotoRounder_PhotoRounderUITests.framework; sourceTree = BUILT_PRODUCTS_DIR; };
		D261B185C6945BD1ED622585 /* Pods-PhotoRounder.release.xcconfig */ = {isa = PBXFileReference; includeInIndex = 1; lastKnownFileType = text.xcconfig; name = "Pods-PhotoRounder.release.xcconfig"; path = "Target Support Files/Pods-PhotoRounder/Pods-PhotoRounder.release.xcconfig"; sourceTree = "<group>"; };
		F86FF593EB064774C27F53C0 /* Pods_PhotoRounder.framework */ = {isa = PBXFileReference; explicitFileType = wrapper.framework; includeInIndex = 0; path = Pods_PhotoRounder.framework; sourceTree = BUILT_PRODUCTS_DIR; };
		FA08DFED27CCF5A600AB8784 /* UiImage+Extension.swift */ = {isa = PBXFileReference; lastKnownFileType = sourcecode.swift; path = "UiImage+Extension.swift"; sourceTree = "<group>"; };
		FA4994FD27BCD60600D752E5 /* ImagePickerView+Coordinator.swift */ = {isa = PBXFileReference; lastKnownFileType = sourcecode.swift; path = "ImagePickerView+Coordinator.swift"; sourceTree = "<group>"; };
		FA9ED62F27C8FF810028C475 /* CroppedPhotos.swift */ = {isa = PBXFileReference; lastKnownFileType = sourcecode.swift; path = CroppedPhotos.swift; sourceTree = "<group>"; };
		FAB8F70D27C3A6B900BE7C55 /* View+Extension.swift */ = {isa = PBXFileReference; lastKnownFileType = sourcecode.swift; path = "View+Extension.swift"; sourceTree = "<group>"; };
		FAE6BB6E27C3F19500FBB285 /* PhotosSliderView.swift */ = {isa = PBXFileReference; lastKnownFileType = sourcecode.swift; path = PhotosSliderView.swift; sourceTree = "<group>"; };
/* End PBXFileReference section */

/* Begin PBXFrameworksBuildPhase section */
		4BD2052B27B4E579002A95C7 /* Frameworks */ = {
			isa = PBXFrameworksBuildPhase;
			buildActionMask = 2147483647;
			files = (
				8ECBB22468C531DB774CB8C4 /* Pods_PhotoRounder.framework in Frameworks */,
			);
			runOnlyForDeploymentPostprocessing = 0;
		};
		4BD2053B27B4E57B002A95C7 /* Frameworks */ = {
			isa = PBXFrameworksBuildPhase;
			buildActionMask = 2147483647;
			files = (
				90426EE717441C5F493DF29E /* Pods_PhotoRounderTests.framework in Frameworks */,
			);
			runOnlyForDeploymentPostprocessing = 0;
		};
		4BD2054527B4E57B002A95C7 /* Frameworks */ = {
			isa = PBXFrameworksBuildPhase;
			buildActionMask = 2147483647;
			files = (
				CAC544673D1EFFD595BC7A7C /* Pods_PhotoRounder_PhotoRounderUITests.framework in Frameworks */,
			);
			runOnlyForDeploymentPostprocessing = 0;
		};
/* End PBXFrameworksBuildPhase section */

/* Begin PBXGroup section */
		4B43DDFB27CF70AA0081CFEE /* ImageEditor */ = {
			isa = PBXGroup;
			children = (
				4B43DDFC27CF722F0081CFEE /* ImageEditor.swift */,
				4BA5B44E27CF79EC00B59ED6 /* ImageEditor+Coordinator.swift */,
			);
			path = ImageEditor;
			sourceTree = "<group>";
		};
		4BB2466927BE73AE009F3C16 /* Extensions */ = {
			isa = PBXGroup;
			children = (
				4BAC52B927BFB888006571E8 /* CGRect+Extension.swift */,
				FAB8F70D27C3A6B900BE7C55 /* View+Extension.swift */,
				FA08DFED27CCF5A600AB8784 /* UiImage+Extension.swift */,
			);
			path = Extensions;
			sourceTree = "<group>";
		};
		4BD2052527B4E579002A95C7 = {
			isa = PBXGroup;
			children = (
				4BD2053027B4E579002A95C7 /* PhotoRounder */,
				4BD2054127B4E57B002A95C7 /* PhotoRounderTests */,
				4BD2054B27B4E57B002A95C7 /* PhotoRounderUITests */,
				4BD2052F27B4E579002A95C7 /* Products */,
				CE680837A80C8775A480E773 /* Pods */,
				CFEADA802EBBA8500C29012F /* Frameworks */,
			);
			sourceTree = "<group>";
		};
		4BD2052F27B4E579002A95C7 /* Products */ = {
			isa = PBXGroup;
			children = (
				4BD2052E27B4E579002A95C7 /* PhotoRounder.app */,
				4BD2053E27B4E57B002A95C7 /* PhotoRounderTests.xctest */,
				4BD2054827B4E57B002A95C7 /* PhotoRounderUITests.xctest */,
			);
			name = Products;
			sourceTree = "<group>";
		};
		4BD2053027B4E579002A95C7 /* PhotoRounder */ = {
			isa = PBXGroup;
			children = (
				FA5654CE27C8CF330017BA98 /* ViewModel */,
				FA49950027BCD98E00D752E5 /* Screens */,
				4BB2466927BE73AE009F3C16 /* Extensions */,
				4BD2056C27B534F4002A95C7 /* GeneralViews */,
				4BD2056327B4F942002A95C7 /* ConstantsEnumeration */,
				4BD2055B27B4E59A002A95C7 /* SupportFiles */,
				4BD2053727B4E57A002A95C7 /* PreviewContent */,
			);
			path = PhotoRounder;
			sourceTree = "<group>";
		};
		4BD2053727B4E57A002A95C7 /* PreviewContent */ = {
			isa = PBXGroup;
			children = (
				4BD2053827B4E57A002A95C7 /* Preview Assets.xcassets */,
			);
			path = PreviewContent;
			sourceTree = "<group>";
		};
		4BD2054127B4E57B002A95C7 /* PhotoRounderTests */ = {
			isa = PBXGroup;
			children = (
				4BD2054227B4E57B002A95C7 /* PhotoRounderTests.swift */,
			);
			path = PhotoRounderTests;
			sourceTree = "<group>";
		};
		4BD2054B27B4E57B002A95C7 /* PhotoRounderUITests */ = {
			isa = PBXGroup;
			children = (
				4BD2054C27B4E57B002A95C7 /* PhotoRounderUITests.swift */,
				4BD2054E27B4E57B002A95C7 /* PhotoRounderUITestsLaunchTests.swift */,
			);
			path = PhotoRounderUITests;
			sourceTree = "<group>";
		};
		4BD2055B27B4E59A002A95C7 /* SupportFiles */ = {
			isa = PBXGroup;
			children = (
				4BD2053127B4E579002A95C7 /* PhotoRounderApp.swift */,
				4BD2053527B4E57A002A95C7 /* Assets.xcassets */,
			);
			path = SupportFiles;
			sourceTree = "<group>";
		};
		4BD2055C27B4E5B8002A95C7 /* SelectPhotos */ = {
			isa = PBXGroup;
			children = (
				FA4994FF27BCD95900D752E5 /* ImagePickerView */,
				4BD2055D27B4E5D4002A95C7 /* SelectPhotosView.swift */,
			);
			path = SelectPhotos;
			sourceTree = "<group>";
		};
		4BD2056327B4F942002A95C7 /* ConstantsEnumeration */ = {
			isa = PBXGroup;
			children = (
				4BD2056127B4F6E3002A95C7 /* Colors.swift */,
				4BD2055F27B4E950002A95C7 /* Labels.swift */,
				4BD2056A27B50976002A95C7 /* Images.swift */,
				4BC139FE27CE36960092A301 /* DisplayMode.swift */,
			);
			path = ConstantsEnumeration;
			sourceTree = "<group>";
		};
		4BD2056C27B534F4002A95C7 /* GeneralViews */ = {
			isa = PBXGroup;
			children = (
				4B43DDFB27CF70AA0081CFEE /* ImageEditor */,
				4BD2056827B501F0002A95C7 /* PhotosListView.swift */,
				4BD2057427B63F88002A95C7 /* Photo.swift */,
				FAE6BB6E27C3F19500FBB285 /* PhotosSliderView.swift */,
				4B725D9327CF588B0010FE48 /* ManualCroppingButton.swift */,
			);
			path = GeneralViews;
			sourceTree = "<group>";
		};
		CE680837A80C8775A480E773 /* Pods */ = {
			isa = PBXGroup;
			children = (
				13168FA4D6B579932892894A /* Pods-PhotoRounder.debug.xcconfig */,
				D261B185C6945BD1ED622585 /* Pods-PhotoRounder.release.xcconfig */,
				7100F76F725AB3137630BD42 /* Pods-PhotoRounder-PhotoRounderUITests.debug.xcconfig */,
				064F65E24D9C04FD18B91065 /* Pods-PhotoRounder-PhotoRounderUITests.release.xcconfig */,
				478549C81476A73D74D66F43 /* Pods-PhotoRounderTests.debug.xcconfig */,
				44009A147E71BEE904CAC621 /* Pods-PhotoRounderTests.release.xcconfig */,
			);
			path = Pods;
			sourceTree = "<group>";
		};
		CFEADA802EBBA8500C29012F /* Frameworks */ = {
			isa = PBXGroup;
			children = (
				F86FF593EB064774C27F53C0 /* Pods_PhotoRounder.framework */,
				A9337B20AF6A9F68D11E156B /* Pods_PhotoRounder_PhotoRounderUITests.framework */,
				303B1D88F1F53474EA014D33 /* Pods_PhotoRounderTests.framework */,
			);
			name = Frameworks;
			sourceTree = "<group>";
		};
		FA4994FF27BCD95900D752E5 /* ImagePickerView */ = {
			isa = PBXGroup;
			children = (
				FA4994FD27BCD60600D752E5 /* ImagePickerView+Coordinator.swift */,
				4BD2056527B4FB8A002A95C7 /* ImagePickerView.swift */,
			);
			path = ImagePickerView;
			sourceTree = "<group>";
		};
		FA49950027BCD98E00D752E5 /* Screens */ = {
			isa = PBXGroup;
			children = (
				FA9ED62E27C8FF740028C475 /* CroppedPhotos */,
				4BD2055C27B4E5B8002A95C7 /* SelectPhotos */,
			);
			path = Screens;
			sourceTree = "<group>";
		};
		FA5654CE27C8CF330017BA98 /* ViewModel */ = {
			isa = PBXGroup;
			children = (
				4BD2057227B54C84002A95C7 /* ViewModel.swift */,
			);
			path = ViewModel;
			sourceTree = "<group>";
		};
		FA9ED62E27C8FF740028C475 /* CroppedPhotos */ = {
			isa = PBXGroup;
			children = (
				FA9ED62F27C8FF810028C475 /* CroppedPhotos.swift */,
			);
			path = CroppedPhotos;
			sourceTree = "<group>";
		};
/* End PBXGroup section */

/* Begin PBXNativeTarget section */
		4BD2052D27B4E579002A95C7 /* PhotoRounder */ = {
			isa = PBXNativeTarget;
			buildConfigurationList = 4BD2055227B4E57B002A95C7 /* Build configuration list for PBXNativeTarget "PhotoRounder" */;
			buildPhases = (
				CF7244BDB1EAD888C5C9155A /* [CP] Check Pods Manifest.lock */,
				4BD2052A27B4E579002A95C7 /* Sources */,
				4BD2052B27B4E579002A95C7 /* Frameworks */,
				4BD2052C27B4E579002A95C7 /* Resources */,
				F17057B727C15F740059E9CF /* SwiftLint */,
				7E4218526BEABC42888F88DA /* [CP] Embed Pods Frameworks */,
			);
			buildRules = (
			);
			dependencies = (
			);
			name = PhotoRounder;
			productName = PhotoRounder;
			productReference = 4BD2052E27B4E579002A95C7 /* PhotoRounder.app */;
			productType = "com.apple.product-type.application";
		};
		4BD2053D27B4E57B002A95C7 /* PhotoRounderTests */ = {
			isa = PBXNativeTarget;
			buildConfigurationList = 4BD2055527B4E57B002A95C7 /* Build configuration list for PBXNativeTarget "PhotoRounderTests" */;
			buildPhases = (
				0E73667B7A0D5A6BE66F9882 /* [CP] Check Pods Manifest.lock */,
				4BD2053A27B4E57B002A95C7 /* Sources */,
				4BD2053B27B4E57B002A95C7 /* Frameworks */,
				4BD2053C27B4E57B002A95C7 /* Resources */,
			);
			buildRules = (
			);
			dependencies = (
				4BD2054027B4E57B002A95C7 /* PBXTargetDependency */,
			);
			name = PhotoRounderTests;
			productName = PhotoRounderTests;
			productReference = 4BD2053E27B4E57B002A95C7 /* PhotoRounderTests.xctest */;
			productType = "com.apple.product-type.bundle.unit-test";
		};
		4BD2054727B4E57B002A95C7 /* PhotoRounderUITests */ = {
			isa = PBXNativeTarget;
			buildConfigurationList = 4BD2055827B4E57B002A95C7 /* Build configuration list for PBXNativeTarget "PhotoRounderUITests" */;
			buildPhases = (
				7A8FA0FB84B0458C77D9AE16 /* [CP] Check Pods Manifest.lock */,
				4BD2054427B4E57B002A95C7 /* Sources */,
				4BD2054527B4E57B002A95C7 /* Frameworks */,
				4BD2054627B4E57B002A95C7 /* Resources */,
				10DF10A7ECF6A6B04B4C9DA8 /* [CP] Embed Pods Frameworks */,
			);
			buildRules = (
			);
			dependencies = (
				4BD2054A27B4E57B002A95C7 /* PBXTargetDependency */,
			);
			name = PhotoRounderUITests;
			productName = PhotoRounderUITests;
			productReference = 4BD2054827B4E57B002A95C7 /* PhotoRounderUITests.xctest */;
			productType = "com.apple.product-type.bundle.ui-testing";
		};
/* End PBXNativeTarget section */

/* Begin PBXProject section */
		4BD2052627B4E579002A95C7 /* Project object */ = {
			isa = PBXProject;
			attributes = {
				BuildIndependentTargetsInParallel = 1;
				LastSwiftUpdateCheck = 1320;
				LastUpgradeCheck = 1320;
				TargetAttributes = {
					4BD2052D27B4E579002A95C7 = {
						CreatedOnToolsVersion = 13.2.1;
					};
					4BD2053D27B4E57B002A95C7 = {
						CreatedOnToolsVersion = 13.2.1;
						TestTargetID = 4BD2052D27B4E579002A95C7;
					};
					4BD2054727B4E57B002A95C7 = {
						CreatedOnToolsVersion = 13.2.1;
						TestTargetID = 4BD2052D27B4E579002A95C7;
					};
				};
			};
			buildConfigurationList = 4BD2052927B4E579002A95C7 /* Build configuration list for PBXProject "PhotoRounder" */;
			compatibilityVersion = "Xcode 13.0";
			developmentRegion = en;
			hasScannedForEncodings = 0;
			knownRegions = (
				en,
				Base,
			);
			mainGroup = 4BD2052527B4E579002A95C7;
			productRefGroup = 4BD2052F27B4E579002A95C7 /* Products */;
			projectDirPath = "";
			projectRoot = "";
			targets = (
				4BD2052D27B4E579002A95C7 /* PhotoRounder */,
				4BD2053D27B4E57B002A95C7 /* PhotoRounderTests */,
				4BD2054727B4E57B002A95C7 /* PhotoRounderUITests */,
			);
		};
/* End PBXProject section */

/* Begin PBXResourcesBuildPhase section */
		4BD2052C27B4E579002A95C7 /* Resources */ = {
			isa = PBXResourcesBuildPhase;
			buildActionMask = 2147483647;
			files = (
				4BD2053927B4E57A002A95C7 /* Preview Assets.xcassets in Resources */,
				4BD2053627B4E57A002A95C7 /* Assets.xcassets in Resources */,
			);
			runOnlyForDeploymentPostprocessing = 0;
		};
		4BD2053C27B4E57B002A95C7 /* Resources */ = {
			isa = PBXResourcesBuildPhase;
			buildActionMask = 2147483647;
			files = (
			);
			runOnlyForDeploymentPostprocessing = 0;
		};
		4BD2054627B4E57B002A95C7 /* Resources */ = {
			isa = PBXResourcesBuildPhase;
			buildActionMask = 2147483647;
			files = (
			);
			runOnlyForDeploymentPostprocessing = 0;
		};
/* End PBXResourcesBuildPhase section */

/* Begin PBXShellScriptBuildPhase section */
		0E73667B7A0D5A6BE66F9882 /* [CP] Check Pods Manifest.lock */ = {
			isa = PBXShellScriptBuildPhase;
			buildActionMask = 2147483647;
			files = (
			);
			inputFileListPaths = (
			);
			inputPaths = (
				"${PODS_PODFILE_DIR_PATH}/Podfile.lock",
				"${PODS_ROOT}/Manifest.lock",
			);
			name = "[CP] Check Pods Manifest.lock";
			outputFileListPaths = (
			);
			outputPaths = (
				"$(DERIVED_FILE_DIR)/Pods-PhotoRounderTests-checkManifestLockResult.txt",
			);
			runOnlyForDeploymentPostprocessing = 0;
			shellPath = /bin/sh;
			shellScript = "diff \"${PODS_PODFILE_DIR_PATH}/Podfile.lock\" \"${PODS_ROOT}/Manifest.lock\" > /dev/null\nif [ $? != 0 ] ; then\n    # print error to STDERR\n    echo \"error: The sandbox is not in sync with the Podfile.lock. Run 'pod install' or update your CocoaPods installation.\" >&2\n    exit 1\nfi\n# This output is used by Xcode 'outputs' to avoid re-running this script phase.\necho \"SUCCESS\" > \"${SCRIPT_OUTPUT_FILE_0}\"\n";
			showEnvVarsInLog = 0;
		};
		10DF10A7ECF6A6B04B4C9DA8 /* [CP] Embed Pods Frameworks */ = {
			isa = PBXShellScriptBuildPhase;
			buildActionMask = 2147483647;
			files = (
			);
			inputFileListPaths = (
				"${PODS_ROOT}/Target Support Files/Pods-PhotoRounder-PhotoRounderUITests/Pods-PhotoRounder-PhotoRounderUITests-frameworks-${CONFIGURATION}-input-files.xcfilelist",
			);
			name = "[CP] Embed Pods Frameworks";
			outputFileListPaths = (
				"${PODS_ROOT}/Target Support Files/Pods-PhotoRounder-PhotoRounderUITests/Pods-PhotoRounder-PhotoRounderUITests-frameworks-${CONFIGURATION}-output-files.xcfilelist",
			);
			runOnlyForDeploymentPostprocessing = 0;
			shellPath = /bin/sh;
			shellScript = "\"${PODS_ROOT}/Target Support Files/Pods-PhotoRounder-PhotoRounderUITests/Pods-PhotoRounder-PhotoRounderUITests-frameworks.sh\"\n";
			showEnvVarsInLog = 0;
		};
		7A8FA0FB84B0458C77D9AE16 /* [CP] Check Pods Manifest.lock */ = {
			isa = PBXShellScriptBuildPhase;
			buildActionMask = 2147483647;
			files = (
			);
			inputFileListPaths = (
			);
			inputPaths = (
				"${PODS_PODFILE_DIR_PATH}/Podfile.lock",
				"${PODS_ROOT}/Manifest.lock",
			);
			name = "[CP] Check Pods Manifest.lock";
			outputFileListPaths = (
			);
			outputPaths = (
				"$(DERIVED_FILE_DIR)/Pods-PhotoRounder-PhotoRounderUITests-checkManifestLockResult.txt",
			);
			runOnlyForDeploymentPostprocessing = 0;
			shellPath = /bin/sh;
			shellScript = "diff \"${PODS_PODFILE_DIR_PATH}/Podfile.lock\" \"${PODS_ROOT}/Manifest.lock\" > /dev/null\nif [ $? != 0 ] ; then\n    # print error to STDERR\n    echo \"error: The sandbox is not in sync with the Podfile.lock. Run 'pod install' or update your CocoaPods installation.\" >&2\n    exit 1\nfi\n# This output is used by Xcode 'outputs' to avoid re-running this script phase.\necho \"SUCCESS\" > \"${SCRIPT_OUTPUT_FILE_0}\"\n";
			showEnvVarsInLog = 0;
		};
		7E4218526BEABC42888F88DA /* [CP] Embed Pods Frameworks */ = {
			isa = PBXShellScriptBuildPhase;
			buildActionMask = 2147483647;
			files = (
			);
			inputFileListPaths = (
				"${PODS_ROOT}/Target Support Files/Pods-PhotoRounder/Pods-PhotoRounder-frameworks-${CONFIGURATION}-input-files.xcfilelist",
			);
			name = "[CP] Embed Pods Frameworks";
			outputFileListPaths = (
				"${PODS_ROOT}/Target Support Files/Pods-PhotoRounder/Pods-PhotoRounder-frameworks-${CONFIGURATION}-output-files.xcfilelist",
			);
			runOnlyForDeploymentPostprocessing = 0;
			shellPath = /bin/sh;
			shellScript = "\"${PODS_ROOT}/Target Support Files/Pods-PhotoRounder/Pods-PhotoRounder-frameworks.sh\"\n";
			showEnvVarsInLog = 0;
		};
		CF7244BDB1EAD888C5C9155A /* [CP] Check Pods Manifest.lock */ = {
			isa = PBXShellScriptBuildPhase;
			buildActionMask = 2147483647;
			files = (
			);
			inputFileListPaths = (
			);
			inputPaths = (
				"${PODS_PODFILE_DIR_PATH}/Podfile.lock",
				"${PODS_ROOT}/Manifest.lock",
			);
			name = "[CP] Check Pods Manifest.lock";
			outputFileListPaths = (
			);
			outputPaths = (
				"$(DERIVED_FILE_DIR)/Pods-PhotoRounder-checkManifestLockResult.txt",
			);
			runOnlyForDeploymentPostprocessing = 0;
			shellPath = /bin/sh;
			shellScript = "diff \"${PODS_PODFILE_DIR_PATH}/Podfile.lock\" \"${PODS_ROOT}/Manifest.lock\" > /dev/null\nif [ $? != 0 ] ; then\n    # print error to STDERR\n    echo \"error: The sandbox is not in sync with the Podfile.lock. Run 'pod install' or update your CocoaPods installation.\" >&2\n    exit 1\nfi\n# This output is used by Xcode 'outputs' to avoid re-running this script phase.\necho \"SUCCESS\" > \"${SCRIPT_OUTPUT_FILE_0}\"\n";
			showEnvVarsInLog = 0;
		};
		F17057B727C15F740059E9CF /* SwiftLint */ = {
			isa = PBXShellScriptBuildPhase;
			buildActionMask = 2147483647;
			files = (
			);
			inputFileListPaths = (
			);
			inputPaths = (
			);
			name = SwiftLint;
			outputFileListPaths = (
			);
			outputPaths = (
			);
			runOnlyForDeploymentPostprocessing = 0;
			shellPath = /bin/sh;
			shellScript = "export PATH=\"$PATH:/opt/homebrew/bin\"\n\nif which swiftlint >/dev/null; then\n  swiftlint\nelse\n  echo \"warning: SwiftLint not installed, download from https://github.com/realm/SwiftLint\"\nfi\n";
		};
/* End PBXShellScriptBuildPhase section */

/* Begin PBXSourcesBuildPhase section */
		4BD2052A27B4E579002A95C7 /* Sources */ = {
			isa = PBXSourcesBuildPhase;
			buildActionMask = 2147483647;
			files = (
				4BD2053227B4E579002A95C7 /* PhotoRounderApp.swift in Sources */,
				FA4994FE27BCD60600D752E5 /* ImagePickerView+Coordinator.swift in Sources */,
				4BD2056927B501F0002A95C7 /* PhotosListView.swift in Sources */,
				4BD2056227B4F6E3002A95C7 /* Colors.swift in Sources */,
				4BD2056627B4FB8A002A95C7 /* ImagePickerView.swift in Sources */,
				4BD2057527B63F88002A95C7 /* Photo.swift in Sources */,
				FAE6BB6F27C3F19500FBB285 /* PhotosSliderView.swift in Sources */,
				4BC139FF27CE36960092A301 /* DisplayMode.swift in Sources */,
				4BD2056B27B50976002A95C7 /* Images.swift in Sources */,
				4BA5B44F27CF79EC00B59ED6 /* ImageEditor+Coordinator.swift in Sources */,
				FA08DFEE27CCF5A600AB8784 /* UiImage+Extension.swift in Sources */,
				4BD2055E27B4E5D4002A95C7 /* SelectPhotosView.swift in Sources */,
				4BD2056027B4E950002A95C7 /* Labels.swift in Sources */,
				4B43DDFD27CF722F0081CFEE /* ImageEditor.swift in Sources */,
				4BAC52BA27BFB888006571E8 /* CGRect+Extension.swift in Sources */,
				FAB8F70E27C3A6B900BE7C55 /* View+Extension.swift in Sources */,
				FA9ED63027C8FF810028C475 /* CroppedPhotos.swift in Sources */,
				4BD2057327B54C84002A95C7 /* ViewModel.swift in Sources */,
				4B725D9427CF588B0010FE48 /* ManualCroppingButton.swift in Sources */,
			);
			runOnlyForDeploymentPostprocessing = 0;
		};
		4BD2053A27B4E57B002A95C7 /* Sources */ = {
			isa = PBXSourcesBuildPhase;
			buildActionMask = 2147483647;
			files = (
				4BD2054327B4E57B002A95C7 /* PhotoRounderTests.swift in Sources */,
			);
			runOnlyForDeploymentPostprocessing = 0;
		};
		4BD2054427B4E57B002A95C7 /* Sources */ = {
			isa = PBXSourcesBuildPhase;
			buildActionMask = 2147483647;
			files = (
				4BD2054D27B4E57B002A95C7 /* PhotoRounderUITests.swift in Sources */,
				4BD2054F27B4E57B002A95C7 /* PhotoRounderUITestsLaunchTests.swift in Sources */,
			);
			runOnlyForDeploymentPostprocessing = 0;
		};
/* End PBXSourcesBuildPhase section */

/* Begin PBXTargetDependency section */
		4BD2054027B4E57B002A95C7 /* PBXTargetDependency */ = {
			isa = PBXTargetDependency;
			target = 4BD2052D27B4E579002A95C7 /* PhotoRounder */;
			targetProxy = 4BD2053F27B4E57B002A95C7 /* PBXContainerItemProxy */;
		};
		4BD2054A27B4E57B002A95C7 /* PBXTargetDependency */ = {
			isa = PBXTargetDependency;
			target = 4BD2052D27B4E579002A95C7 /* PhotoRounder */;
			targetProxy = 4BD2054927B4E57B002A95C7 /* PBXContainerItemProxy */;
		};
/* End PBXTargetDependency section */

/* Begin XCBuildConfiguration section */
		4BD2055027B4E57B002A95C7 /* Debug */ = {
			isa = XCBuildConfiguration;
			buildSettings = {
				ALWAYS_SEARCH_USER_PATHS = NO;
				CLANG_ANALYZER_NONNULL = YES;
				CLANG_ANALYZER_NUMBER_OBJECT_CONVERSION = YES_AGGRESSIVE;
				CLANG_CXX_LANGUAGE_STANDARD = "gnu++17";
				CLANG_CXX_LIBRARY = "libc++";
				CLANG_ENABLE_MODULES = YES;
				CLANG_ENABLE_OBJC_ARC = YES;
				CLANG_ENABLE_OBJC_WEAK = YES;
				CLANG_WARN_BLOCK_CAPTURE_AUTORELEASING = YES;
				CLANG_WARN_BOOL_CONVERSION = YES;
				CLANG_WARN_COMMA = YES;
				CLANG_WARN_CONSTANT_CONVERSION = YES;
				CLANG_WARN_DEPRECATED_OBJC_IMPLEMENTATIONS = YES;
				CLANG_WARN_DIRECT_OBJC_ISA_USAGE = YES_ERROR;
				CLANG_WARN_DOCUMENTATION_COMMENTS = YES;
				CLANG_WARN_EMPTY_BODY = YES;
				CLANG_WARN_ENUM_CONVERSION = YES;
				CLANG_WARN_INFINITE_RECURSION = YES;
				CLANG_WARN_INT_CONVERSION = YES;
				CLANG_WARN_NON_LITERAL_NULL_CONVERSION = YES;
				CLANG_WARN_OBJC_IMPLICIT_RETAIN_SELF = YES;
				CLANG_WARN_OBJC_LITERAL_CONVERSION = YES;
				CLANG_WARN_OBJC_ROOT_CLASS = YES_ERROR;
				CLANG_WARN_QUOTED_INCLUDE_IN_FRAMEWORK_HEADER = YES;
				CLANG_WARN_RANGE_LOOP_ANALYSIS = YES;
				CLANG_WARN_STRICT_PROTOTYPES = YES;
				CLANG_WARN_SUSPICIOUS_MOVE = YES;
				CLANG_WARN_UNGUARDED_AVAILABILITY = YES_AGGRESSIVE;
				CLANG_WARN_UNREACHABLE_CODE = YES;
				CLANG_WARN__DUPLICATE_METHOD_MATCH = YES;
				COPY_PHASE_STRIP = NO;
				DEBUG_INFORMATION_FORMAT = dwarf;
				ENABLE_STRICT_OBJC_MSGSEND = YES;
				ENABLE_TESTABILITY = YES;
				GCC_C_LANGUAGE_STANDARD = gnu11;
				GCC_DYNAMIC_NO_PIC = NO;
				GCC_NO_COMMON_BLOCKS = YES;
				GCC_OPTIMIZATION_LEVEL = 0;
				GCC_PREPROCESSOR_DEFINITIONS = (
					"DEBUG=1",
					"$(inherited)",
				);
				GCC_WARN_64_TO_32_BIT_CONVERSION = YES;
				GCC_WARN_ABOUT_RETURN_TYPE = YES_ERROR;
				GCC_WARN_UNDECLARED_SELECTOR = YES;
				GCC_WARN_UNINITIALIZED_AUTOS = YES_AGGRESSIVE;
				GCC_WARN_UNUSED_FUNCTION = YES;
				GCC_WARN_UNUSED_VARIABLE = YES;
				IPHONEOS_DEPLOYMENT_TARGET = 15.2;
				MTL_ENABLE_DEBUG_INFO = INCLUDE_SOURCE;
				MTL_FAST_MATH = YES;
				ONLY_ACTIVE_ARCH = YES;
				SDKROOT = iphoneos;
				SWIFT_ACTIVE_COMPILATION_CONDITIONS = DEBUG;
				SWIFT_OPTIMIZATION_LEVEL = "-Onone";
			};
			name = Debug;
		};
		4BD2055127B4E57B002A95C7 /* Release */ = {
			isa = XCBuildConfiguration;
			buildSettings = {
				ALWAYS_SEARCH_USER_PATHS = NO;
				CLANG_ANALYZER_NONNULL = YES;
				CLANG_ANALYZER_NUMBER_OBJECT_CONVERSION = YES_AGGRESSIVE;
				CLANG_CXX_LANGUAGE_STANDARD = "gnu++17";
				CLANG_CXX_LIBRARY = "libc++";
				CLANG_ENABLE_MODULES = YES;
				CLANG_ENABLE_OBJC_ARC = YES;
				CLANG_ENABLE_OBJC_WEAK = YES;
				CLANG_WARN_BLOCK_CAPTURE_AUTORELEASING = YES;
				CLANG_WARN_BOOL_CONVERSION = YES;
				CLANG_WARN_COMMA = YES;
				CLANG_WARN_CONSTANT_CONVERSION = YES;
				CLANG_WARN_DEPRECATED_OBJC_IMPLEMENTATIONS = YES;
				CLANG_WARN_DIRECT_OBJC_ISA_USAGE = YES_ERROR;
				CLANG_WARN_DOCUMENTATION_COMMENTS = YES;
				CLANG_WARN_EMPTY_BODY = YES;
				CLANG_WARN_ENUM_CONVERSION = YES;
				CLANG_WARN_INFINITE_RECURSION = YES;
				CLANG_WARN_INT_CONVERSION = YES;
				CLANG_WARN_NON_LITERAL_NULL_CONVERSION = YES;
				CLANG_WARN_OBJC_IMPLICIT_RETAIN_SELF = YES;
				CLANG_WARN_OBJC_LITERAL_CONVERSION = YES;
				CLANG_WARN_OBJC_ROOT_CLASS = YES_ERROR;
				CLANG_WARN_QUOTED_INCLUDE_IN_FRAMEWORK_HEADER = YES;
				CLANG_WARN_RANGE_LOOP_ANALYSIS = YES;
				CLANG_WARN_STRICT_PROTOTYPES = YES;
				CLANG_WARN_SUSPICIOUS_MOVE = YES;
				CLANG_WARN_UNGUARDED_AVAILABILITY = YES_AGGRESSIVE;
				CLANG_WARN_UNREACHABLE_CODE = YES;
				CLANG_WARN__DUPLICATE_METHOD_MATCH = YES;
				COPY_PHASE_STRIP = NO;
				DEBUG_INFORMATION_FORMAT = "dwarf-with-dsym";
				ENABLE_NS_ASSERTIONS = NO;
				ENABLE_STRICT_OBJC_MSGSEND = YES;
				GCC_C_LANGUAGE_STANDARD = gnu11;
				GCC_NO_COMMON_BLOCKS = YES;
				GCC_WARN_64_TO_32_BIT_CONVERSION = YES;
				GCC_WARN_ABOUT_RETURN_TYPE = YES_ERROR;
				GCC_WARN_UNDECLARED_SELECTOR = YES;
				GCC_WARN_UNINITIALIZED_AUTOS = YES_AGGRESSIVE;
				GCC_WARN_UNUSED_FUNCTION = YES;
				GCC_WARN_UNUSED_VARIABLE = YES;
				IPHONEOS_DEPLOYMENT_TARGET = 15.2;
				MTL_ENABLE_DEBUG_INFO = NO;
				MTL_FAST_MATH = YES;
				SDKROOT = iphoneos;
				SWIFT_COMPILATION_MODE = wholemodule;
				SWIFT_OPTIMIZATION_LEVEL = "-O";
				VALIDATE_PRODUCT = YES;
			};
			name = Release;
		};
		4BD2055327B4E57B002A95C7 /* Debug */ = {
			isa = XCBuildConfiguration;
			baseConfigurationReference = 13168FA4D6B579932892894A /* Pods-PhotoRounder.debug.xcconfig */;
			buildSettings = {
				ASSETCATALOG_COMPILER_APPICON_NAME = AppIcon;
				ASSETCATALOG_COMPILER_GLOBAL_ACCENT_COLOR_NAME = AccentColor;
				CODE_SIGN_STYLE = Automatic;
				CURRENT_PROJECT_VERSION = 1;
				DEVELOPMENT_ASSET_PATHS = "\"PhotoRounder/PreviewContent\"";
				DEVELOPMENT_TEAM = 64HW2Z4RAK;
				ENABLE_PREVIEWS = YES;
				GENERATE_INFOPLIST_FILE = YES;
				INFOPLIST_KEY_UIApplicationSceneManifest_Generation = YES;
				INFOPLIST_KEY_UIApplicationSupportsIndirectInputEvents = YES;
				INFOPLIST_KEY_UILaunchScreen_Generation = YES;
				INFOPLIST_KEY_UISupportedInterfaceOrientations_iPad = "UIInterfaceOrientationPortrait UIInterfaceOrientationPortraitUpsideDown UIInterfaceOrientationLandscapeLeft UIInterfaceOrientationLandscapeRight";
				INFOPLIST_KEY_UISupportedInterfaceOrientations_iPhone = "UIInterfaceOrientationPortrait UIInterfaceOrientationLandscapeLeft UIInterfaceOrientationLandscapeRight";
				LD_RUNPATH_SEARCH_PATHS = (
					"$(inherited)",
					"@executable_path/Frameworks",
				);
				MARKETING_VERSION = 1.0;
				PRODUCT_BUNDLE_IDENTIFIER = MIzvarin.PhotoRounder;
				PRODUCT_NAME = "$(TARGET_NAME)";
				SWIFT_EMIT_LOC_STRINGS = YES;
				SWIFT_VERSION = 5.0;
				TARGETED_DEVICE_FAMILY = "1,2";
			};
			name = Debug;
		};
		4BD2055427B4E57B002A95C7 /* Release */ = {
			isa = XCBuildConfiguration;
			baseConfigurationReference = D261B185C6945BD1ED622585 /* Pods-PhotoRounder.release.xcconfig */;
			buildSettings = {
				ASSETCATALOG_COMPILER_APPICON_NAME = AppIcon;
				ASSETCATALOG_COMPILER_GLOBAL_ACCENT_COLOR_NAME = AccentColor;
				CODE_SIGN_STYLE = Automatic;
				CURRENT_PROJECT_VERSION = 1;
				DEVELOPMENT_ASSET_PATHS = "\"PhotoRounder/PreviewContent\"";
				DEVELOPMENT_TEAM = 64HW2Z4RAK;
				ENABLE_PREVIEWS = YES;
				GENERATE_INFOPLIST_FILE = YES;
				INFOPLIST_KEY_UIApplicationSceneManifest_Generation = YES;
				INFOPLIST_KEY_UIApplicationSupportsIndirectInputEvents = YES;
				INFOPLIST_KEY_UILaunchScreen_Generation = YES;
				INFOPLIST_KEY_UISupportedInterfaceOrientations_iPad = "UIInterfaceOrientationPortrait UIInterfaceOrientationPortraitUpsideDown UIInterfaceOrientationLandscapeLeft UIInterfaceOrientationLandscapeRight";
				INFOPLIST_KEY_UISupportedInterfaceOrientations_iPhone = "UIInterfaceOrientationPortrait UIInterfaceOrientationLandscapeLeft UIInterfaceOrientationLandscapeRight";
				LD_RUNPATH_SEARCH_PATHS = (
					"$(inherited)",
					"@executable_path/Frameworks",
				);
				MARKETING_VERSION = 1.0;
				PRODUCT_BUNDLE_IDENTIFIER = MIzvarin.PhotoRounder;
				PRODUCT_NAME = "$(TARGET_NAME)";
				SWIFT_EMIT_LOC_STRINGS = YES;
				SWIFT_VERSION = 5.0;
				TARGETED_DEVICE_FAMILY = "1,2";
			};
			name = Release;
		};
		4BD2055627B4E57B002A95C7 /* Debug */ = {
			isa = XCBuildConfiguration;
			baseConfigurationReference = 478549C81476A73D74D66F43 /* Pods-PhotoRounderTests.debug.xcconfig */;
			buildSettings = {
				ALWAYS_EMBED_SWIFT_STANDARD_LIBRARIES = YES;
				BUNDLE_LOADER = "$(TEST_HOST)";
				CODE_SIGN_STYLE = Automatic;
				CURRENT_PROJECT_VERSION = 1;
				DEVELOPMENT_TEAM = 64HW2Z4RAK;
				GENERATE_INFOPLIST_FILE = YES;
				IPHONEOS_DEPLOYMENT_TARGET = 15.2;
				MARKETING_VERSION = 1.0;
				PRODUCT_BUNDLE_IDENTIFIER = MIzvarin.PhotoRounderTests;
				PRODUCT_NAME = "$(TARGET_NAME)";
				SWIFT_EMIT_LOC_STRINGS = NO;
				SWIFT_VERSION = 5.0;
				TARGETED_DEVICE_FAMILY = "1,2";
				TEST_HOST = "$(BUILT_PRODUCTS_DIR)/PhotoRounder.app/PhotoRounder";
			};
			name = Debug;
		};
		4BD2055727B4E57B002A95C7 /* Release */ = {
			isa = XCBuildConfiguration;
			baseConfigurationReference = 44009A147E71BEE904CAC621 /* Pods-PhotoRounderTests.release.xcconfig */;
			buildSettings = {
				ALWAYS_EMBED_SWIFT_STANDARD_LIBRARIES = YES;
				BUNDLE_LOADER = "$(TEST_HOST)";
				CODE_SIGN_STYLE = Automatic;
				CURRENT_PROJECT_VERSION = 1;
				DEVELOPMENT_TEAM = 64HW2Z4RAK;
				GENERATE_INFOPLIST_FILE = YES;
				IPHONEOS_DEPLOYMENT_TARGET = 15.2;
				MARKETING_VERSION = 1.0;
				PRODUCT_BUNDLE_IDENTIFIER = MIzvarin.PhotoRounderTests;
				PRODUCT_NAME = "$(TARGET_NAME)";
				SWIFT_EMIT_LOC_STRINGS = NO;
				SWIFT_VERSION = 5.0;
				TARGETED_DEVICE_FAMILY = "1,2";
				TEST_HOST = "$(BUILT_PRODUCTS_DIR)/PhotoRounder.app/PhotoRounder";
			};
			name = Release;
		};
		4BD2055927B4E57B002A95C7 /* Debug */ = {
			isa = XCBuildConfiguration;
			baseConfigurationReference = 7100F76F725AB3137630BD42 /* Pods-PhotoRounder-PhotoRounderUITests.debug.xcconfig */;
			buildSettings = {
				ALWAYS_EMBED_SWIFT_STANDARD_LIBRARIES = YES;
				CODE_SIGN_STYLE = Automatic;
				CURRENT_PROJECT_VERSION = 1;
				DEVELOPMENT_TEAM = 64HW2Z4RAK;
				GENERATE_INFOPLIST_FILE = YES;
				MARKETING_VERSION = 1.0;
				PRODUCT_BUNDLE_IDENTIFIER = MIzvarin.PhotoRounderUITests;
				PRODUCT_NAME = "$(TARGET_NAME)";
				SWIFT_EMIT_LOC_STRINGS = NO;
				SWIFT_VERSION = 5.0;
				TARGETED_DEVICE_FAMILY = "1,2";
				TEST_TARGET_NAME = PhotoRounder;
			};
			name = Debug;
		};
		4BD2055A27B4E57B002A95C7 /* Release */ = {
			isa = XCBuildConfiguration;
			baseConfigurationReference = 064F65E24D9C04FD18B91065 /* Pods-PhotoRounder-PhotoRounderUITests.release.xcconfig */;
			buildSettings = {
				ALWAYS_EMBED_SWIFT_STANDARD_LIBRARIES = YES;
				CODE_SIGN_STYLE = Automatic;
				CURRENT_PROJECT_VERSION = 1;
				DEVELOPMENT_TEAM = 64HW2Z4RAK;
				GENERATE_INFOPLIST_FILE = YES;
				MARKETING_VERSION = 1.0;
				PRODUCT_BUNDLE_IDENTIFIER = MIzvarin.PhotoRounderUITests;
				PRODUCT_NAME = "$(TARGET_NAME)";
				SWIFT_EMIT_LOC_STRINGS = NO;
				SWIFT_VERSION = 5.0;
				TARGETED_DEVICE_FAMILY = "1,2";
				TEST_TARGET_NAME = PhotoRounder;
			};
			name = Release;
		};
/* End XCBuildConfiguration section */

/* Begin XCConfigurationList section */
		4BD2052927B4E579002A95C7 /* Build configuration list for PBXProject "PhotoRounder" */ = {
			isa = XCConfigurationList;
			buildConfigurations = (
				4BD2055027B4E57B002A95C7 /* Debug */,
				4BD2055127B4E57B002A95C7 /* Release */,
			);
			defaultConfigurationIsVisible = 0;
			defaultConfigurationName = Release;
		};
		4BD2055227B4E57B002A95C7 /* Build configuration list for PBXNativeTarget "PhotoRounder" */ = {
			isa = XCConfigurationList;
			buildConfigurations = (
				4BD2055327B4E57B002A95C7 /* Debug */,
				4BD2055427B4E57B002A95C7 /* Release */,
			);
			defaultConfigurationIsVisible = 0;
			defaultConfigurationName = Release;
		};
		4BD2055527B4E57B002A95C7 /* Build configuration list for PBXNativeTarget "PhotoRounderTests" */ = {
			isa = XCConfigurationList;
			buildConfigurations = (
				4BD2055627B4E57B002A95C7 /* Debug */,
				4BD2055727B4E57B002A95C7 /* Release */,
			);
			defaultConfigurationIsVisible = 0;
			defaultConfigurationName = Release;
		};
		4BD2055827B4E57B002A95C7 /* Build configuration list for PBXNativeTarget "PhotoRounderUITests" */ = {
			isa = XCConfigurationList;
			buildConfigurations = (
				4BD2055927B4E57B002A95C7 /* Debug */,
				4BD2055A27B4E57B002A95C7 /* Release */,
			);
			defaultConfigurationIsVisible = 0;
			defaultConfigurationName = Release;
		};
/* End XCConfigurationList section */
	};
	rootObject = 4BD2052627B4E579002A95C7 /* Project object */;
}
